
Microsoft Visual Studio Solution File, Format Version 12.00
# Visual Studio Version 17
VisualStudioVersion = 17.12.35309.182
MinimumVisualStudioVersion = 10.0.40219.1
Project("{FAE04EC0-301F-11D3-BF4B-00C04F79EFBC}") = "STX.EFCore.Client.Infrastructure", "STX.EFCore.Client.Infrastructure\STX.EFCore.Client.Infrastructure.csproj", "{171600F3-7BA7-4791-BCC7-C7BCCFBC613F}"
EndProject
Project("{FAE04EC0-301F-11D3-BF4B-00C04F79EFBC}") = "STX.EFCore.Client", "STX.EFCore.Client\STX.EFCore.Client.csproj", "{66AC27F3-E69F-4B3F-A6A8-C5499E25CAEF}"
EndProject
Project("{FAE04EC0-301F-11D3-BF4B-00C04F79EFBC}") = "STX.EFCore.Client.Tests.Unit", "STX.EFCore.Client.Tests.Unit\STX.EFCore.Client.Tests.Unit.csproj", "{0BC6C524-671A-453F-97B9-1496B27DCC83}"
EndProject
Project("{FAE04EC0-301F-11D3-BF4B-00C04F79EFBC}") = "STX.EFCore.Client.Tests.Acceptance", "STX.EFCore.Client.Tests.Acceptance\STX.EFCore.Client.Tests.Acceptance.csproj", "{D89FF18D-806B-444E-8011-31DFD27EB4CC}"
EndProject
Global
	GlobalSection(SolutionConfigurationPlatforms) = preSolution
		Debug|Any CPU = Debug|Any CPU
		Release|Any CPU = Release|Any CPU
	EndGlobalSection
	GlobalSection(ProjectConfigurationPlatforms) = postSolution
		{171600F3-7BA7-4791-BCC7-C7BCCFBC613F}.Debug|Any CPU.ActiveCfg = Debug|Any CPU
		{171600F3-7BA7-4791-BCC7-C7BCCFBC613F}.Debug|Any CPU.Build.0 = Debug|Any CPU
		{171600F3-7BA7-4791-BCC7-C7BCCFBC613F}.Release|Any CPU.ActiveCfg = Release|Any CPU
		{171600F3-7BA7-4791-BCC7-C7BCCFBC613F}.Release|Any CPU.Build.0 = Release|Any CPU
		{66AC27F3-E69F-4B3F-A6A8-C5499E25CAEF}.Debug|Any CPU.ActiveCfg = Debug|Any CPU
		{66AC27F3-E69F-4B3F-A6A8-C5499E25CAEF}.Debug|Any CPU.Build.0 = Debug|Any CPU
		{66AC27F3-E69F-4B3F-A6A8-C5499E25CAEF}.Release|Any CPU.ActiveCfg = Release|Any CPU
		{66AC27F3-E69F-4B3F-A6A8-C5499E25CAEF}.Release|Any CPU.Build.0 = Release|Any CPU
		{0BC6C524-671A-453F-97B9-1496B27DCC83}.Debug|Any CPU.ActiveCfg = Debug|Any CPU
		{0BC6C524-671A-453F-97B9-1496B27DCC83}.Debug|Any CPU.Build.0 = Debug|Any CPU
		{0BC6C524-671A-453F-97B9-1496B27DCC83}.Release|Any CPU.ActiveCfg = Release|Any CPU
		{0BC6C524-671A-453F-97B9-1496B27DCC83}.Release|Any CPU.Build.0 = Release|Any CPU
		{D89FF18D-806B-444E-8011-31DFD27EB4CC}.Debug|Any CPU.ActiveCfg = Debug|Any CPU
		{D89FF18D-806B-444E-8011-31DFD27EB4CC}.Debug|Any CPU.Build.0 = Debug|Any CPU
		{D89FF18D-806B-444E-8011-31DFD27EB4CC}.Release|Any CPU.ActiveCfg = Release|Any CPU
		{D89FF18D-806B-444E-8011-31DFD27EB4CC}.Release|Any CPU.Build.0 = Release|Any CPU
	EndGlobalSection
	GlobalSection(SolutionProperties) = preSolution
		HideSolutionNode = FALSE
	EndGlobalSection
	GlobalSection(ExtensibilityGlobals) = postSolution
		SolutionGuid = {398792CA-BEDD-43AC-8665-8D287AF68AAB}
	EndGlobalSection
EndGlobal
